
Microsoft Visual Studio Solution File, Format Version 12.00
# Visual Studio Version 17
VisualStudioVersion = 17.0.31919.166
MinimumVisualStudioVersion = 10.0.40219.1
Project("{9A19103F-16F7-4668-BE54-9A1E7A4F7556}") = "Rubiks", "Rubiks\Rubiks.csproj", "{39E8EE7A-289E-4052-836F-87A821EC13C2}"
EndProject
Project("{FAE04EC0-301F-11D3-BF4B-00C04F79EFBC}") = "Rubiks.Tests", "Rubiks.Tests\Rubiks.Tests.csproj", "{0840BE2C-3398-4BA9-A914-926B510C1D19}"
EndProject
Project("{FAE04EC0-301F-11D3-BF4B-00C04F79EFBC}") = "Rubiks.UI", "Rubiks.UI\Rubiks.UI.csproj", "{F6C571A5-159C-4168-B904-239063BEC8DA}"
EndProject
Project("{FAE04EC0-301F-11D3-BF4B-00C04F79EFBC}") = "Rubiks.Scenarios", "Rubiks.Scenarios\Rubiks.Scenarios.csproj", "{401CDC4C-9DBF-4547-854D-3AF2D24485C8}"
EndProject
Global
	GlobalSection(SolutionConfigurationPlatforms) = preSolution
		Debug|Any CPU = Debug|Any CPU
		Release|Any CPU = Release|Any CPU
	EndGlobalSection
	GlobalSection(ProjectConfigurationPlatforms) = postSolution
		{39E8EE7A-289E-4052-836F-87A821EC13C2}.Debug|Any CPU.ActiveCfg = Debug|Any CPU
		{39E8EE7A-289E-4052-836F-87A821EC13C2}.Debug|Any CPU.Build.0 = Debug|Any CPU
		{39E8EE7A-289E-4052-836F-87A821EC13C2}.Release|Any CPU.ActiveCfg = Release|Any CPU
		{39E8EE7A-289E-4052-836F-87A821EC13C2}.Release|Any CPU.Build.0 = Release|Any CPU
		{0840BE2C-3398-4BA9-A914-926B510C1D19}.Debug|Any CPU.ActiveCfg = Debug|Any CPU
		{0840BE2C-3398-4BA9-A914-926B510C1D19}.Debug|Any CPU.Build.0 = Debug|Any CPU
		{0840BE2C-3398-4BA9-A914-926B510C1D19}.Release|Any CPU.ActiveCfg = Release|Any CPU
		{0840BE2C-3398-4BA9-A914-926B510C1D19}.Release|Any CPU.Build.0 = Release|Any CPU
		{F6C571A5-159C-4168-B904-239063BEC8DA}.Debug|Any CPU.ActiveCfg = Debug|Any CPU
		{F6C571A5-159C-4168-B904-239063BEC8DA}.Debug|Any CPU.Build.0 = Debug|Any CPU
		{F6C571A5-159C-4168-B904-239063BEC8DA}.Release|Any CPU.ActiveCfg = Release|Any CPU
		{F6C571A5-159C-4168-B904-239063BEC8DA}.Release|Any CPU.Build.0 = Release|Any CPU
		{401CDC4C-9DBF-4547-854D-3AF2D24485C8}.Debug|Any CPU.ActiveCfg = Debug|Any CPU
		{401CDC4C-9DBF-4547-854D-3AF2D24485C8}.Debug|Any CPU.Build.0 = Debug|Any CPU
		{401CDC4C-9DBF-4547-854D-3AF2D24485C8}.Release|Any CPU.ActiveCfg = Release|Any CPU
		{401CDC4C-9DBF-4547-854D-3AF2D24485C8}.Release|Any CPU.Build.0 = Release|Any CPU
	EndGlobalSection
	GlobalSection(SolutionProperties) = preSolution
		HideSolutionNode = FALSE
	EndGlobalSection
	GlobalSection(ExtensibilityGlobals) = postSolution
		SolutionGuid = {C59B32F3-BD75-4AA0-AAF9-83F96F937DCD}
	EndGlobalSection
EndGlobal
